github.com/notwithering/argo v0.0.0-20240310193225-af9ef27cffe0 h1:UlWQ1ZUDYjlR/4XumOL2Zhc+oJ9HWO7XYMiaw3jIMMc=
github.com/notwithering/argo v0.0.0-20240310193225-af9ef27cffe0/go.mod h1:PQPGaGlJrZRX5MmyxVeoWaGaUpZDP96fLdsFQgCsGok=
github.com/notwithering/sgr v0.0.0-20240316194047-2b4a077be882 h1:1L/GlX09yhEtUUhipEhinff07BqKJgsDf3H0liGp23E=
github.com/notwithering/sgr v0.0.0-20240316194047-2b4a077be882/go.mod h1:I/fZEb3Osuo6JxxT2G92UJDoXHTtjdnrNo5MkTBtMo8=
